
Microsoft Visual Studio Solution File, Format Version 12.00
Project("{FAE04EC0-301F-11D3-BF4B-00C04F79EFBC}") = "Abc", "Abc\Abc.csproj", "{9475C192-3D86-4367-AAE8-2ED0481E652B}"
EndProject
Global
	GlobalSection(SolutionConfigurationPlatforms) = preSolution
		Debug|Any CPU = Debug|Any CPU
		Release|Any CPU = Release|Any CPU
	EndGlobalSection
	GlobalSection(ProjectConfigurationPlatforms) = postSolution
		{9475C192-3D86-4367-AAE8-2ED0481E652B}.Debug|Any CPU.ActiveCfg = Debug|Any CPU
		{9475C192-3D86-4367-AAE8-2ED0481E652B}.Debug|Any CPU.Build.0 = Debug|Any CPU
		{9475C192-3D86-4367-AAE8-2ED0481E652B}.Release|Any CPU.ActiveCfg = Release|Any CPU
		{9475C192-3D86-4367-AAE8-2ED0481E652B}.Release|Any CPU.Build.0 = Release|Any CPU
	EndGlobalSection
EndGlobal
